
Microsoft Visual Studio Solution File, Format Version 12.00
# Visual Studio 15
VisualStudioVersion = 15.0.27004.2006
MinimumVisualStudioVersion = 10.0.40219.1
Project("{FAE04EC0-301F-11D3-BF4B-00C04F79EFBC}") = "Diploma_v5", "Diploma_v5\Diploma_v5.csproj", "{13A45C13-3265-47B8-BC48-A553B569DF55}"
EndProject
Project("{FAE04EC0-301F-11D3-BF4B-00C04F79EFBC}") = "Assembly-CSharp", "C:\Users\Andrej\Documents\Diploma\DiplomaGit\Project\Diploma_v5\Apps\GeneratedProjects\UWP\Assembly-CSharp\Assembly-CSharp.csproj", "{DC00C405-5BBD-4A12-B676-DA038D20ACCB}"
EndProject
Project("{FAE04EC0-301F-11D3-BF4B-00C04F79EFBC}") = "Assembly-CSharp-firstpass", "C:\Users\Andrej\Documents\Diploma\DiplomaGit\Project\Diploma_v5\Apps\GeneratedProjects\UWP\Assembly-CSharp-firstpass\Assembly-CSharp-firstpass.csproj", "{7D7CCD94-546D-4098-8069-E01B7014563A}"
EndProject
Global
	GlobalSection(SolutionConfigurationPlatforms) = preSolution
		Debug|ARM = Debug|ARM
		Debug|x64 = Debug|x64
		Debug|x86 = Debug|x86
		Master|ARM = Master|ARM
		Master|x64 = Master|x64
		Master|x86 = Master|x86
		Release|ARM = Release|ARM
		Release|x64 = Release|x64
		Release|x86 = Release|x86
	EndGlobalSection
	GlobalSection(ProjectConfigurationPlatforms) = postSolution
		{13A45C13-3265-47B8-BC48-A553B569DF55}.Debug|ARM.ActiveCfg = Debug|ARM
		{13A45C13-3265-47B8-BC48-A553B569DF55}.Debug|ARM.Build.0 = Debug|ARM
		{13A45C13-3265-47B8-BC48-A553B569DF55}.Debug|ARM.Deploy.0 = Debug|ARM
		{13A45C13-3265-47B8-BC48-A553B569DF55}.Debug|x64.ActiveCfg = Debug|x64
		{13A45C13-3265-47B8-BC48-A553B569DF55}.Debug|x64.Build.0 = Debug|x64
		{13A45C13-3265-47B8-BC48-A553B569DF55}.Debug|x64.Deploy.0 = Debug|x64
		{13A45C13-3265-47B8-BC48-A553B569DF55}.Debug|x86.ActiveCfg = Debug|x86
		{13A45C13-3265-47B8-BC48-A553B569DF55}.Debug|x86.Build.0 = Debug|x86
		{13A45C13-3265-47B8-BC48-A553B569DF55}.Debug|x86.Deploy.0 = Debug|x86
		{13A45C13-3265-47B8-BC48-A553B569DF55}.Master|ARM.ActiveCfg = Master|ARM
		{13A45C13-3265-47B8-BC48-A553B569DF55}.Master|ARM.Build.0 = Master|ARM
		{13A45C13-3265-47B8-BC48-A553B569DF55}.Master|ARM.Deploy.0 = Master|ARM
		{13A45C13-3265-47B8-BC48-A553B569DF55}.Master|x64.ActiveCfg = Master|x64
		{13A45C13-3265-47B8-BC48-A553B569DF55}.Master|x64.Build.0 = Master|x64
		{13A45C13-3265-47B8-BC48-A553B569DF55}.Master|x64.Deploy.0 = Master|x64
		{13A45C13-3265-47B8-BC48-A553B569DF55}.Master|x86.ActiveCfg = Master|x86
		{13A45C13-3265-47B8-BC48-A553B569DF55}.Master|x86.Build.0 = Master|x86
		{13A45C13-3265-47B8-BC48-A553B569DF55}.Master|x86.Deploy.0 = Master|x86
		{13A45C13-3265-47B8-BC48-A553B569DF55}.Release|ARM.ActiveCfg = Release|ARM
		{13A45C13-3265-47B8-BC48-A553B569DF55}.Release|ARM.Build.0 = Release|ARM
		{13A45C13-3265-47B8-BC48-A553B569DF55}.Release|ARM.Deploy.0 = Release|ARM
		{13A45C13-3265-47B8-BC48-A553B569DF55}.Release|x64.ActiveCfg = Release|x64
		{13A45C13-3265-47B8-BC48-A553B569DF55}.Release|x64.Build.0 = Release|x64
		{13A45C13-3265-47B8-BC48-A553B569DF55}.Release|x64.Deploy.0 = Release|x64
		{13A45C13-3265-47B8-BC48-A553B569DF55}.Release|x86.ActiveCfg = Release|x86
		{13A45C13-3265-47B8-BC48-A553B569DF55}.Release|x86.Build.0 = Release|x86
		{13A45C13-3265-47B8-BC48-A553B569DF55}.Release|x86.Deploy.0 = Release|x86
		{DC00C405-5BBD-4A12-B676-DA038D20ACCB}.Debug|ARM.ActiveCfg = Debug|ARM
		{DC00C405-5BBD-4A12-B676-DA038D20ACCB}.Debug|ARM.Build.0 = Debug|ARM
		{DC00C405-5BBD-4A12-B676-DA038D20ACCB}.Debug|x64.ActiveCfg = Debug|x64
		{DC00C405-5BBD-4A12-B676-DA038D20ACCB}.Debug|x64.Build.0 = Debug|x64
		{DC00C405-5BBD-4A12-B676-DA038D20ACCB}.Debug|x86.ActiveCfg = Debug|x86
		{DC00C405-5BBD-4A12-B676-DA038D20ACCB}.Debug|x86.Build.0 = Debug|x86
		{DC00C405-5BBD-4A12-B676-DA038D20ACCB}.Master|ARM.ActiveCfg = Master|ARM
		{DC00C405-5BBD-4A12-B676-DA038D20ACCB}.Master|ARM.Build.0 = Master|ARM
		{DC00C405-5BBD-4A12-B676-DA038D20ACCB}.Master|x64.ActiveCfg = Master|x64
		{DC00C405-5BBD-4A12-B676-DA038D20ACCB}.Master|x64.Build.0 = Master|x64
		{DC00C405-5BBD-4A12-B676-DA038D20ACCB}.Master|x86.ActiveCfg = Master|x86
		{DC00C405-5BBD-4A12-B676-DA038D20ACCB}.Master|x86.Build.0 = Master|x86
		{DC00C405-5BBD-4A12-B676-DA038D20ACCB}.Release|ARM.ActiveCfg = Release|ARM
		{DC00C405-5BBD-4A12-B676-DA038D20ACCB}.Release|ARM.Build.0 = Release|ARM
		{DC00C405-5BBD-4A12-B676-DA038D20ACCB}.Release|x64.ActiveCfg = Release|x64
		{DC00C405-5BBD-4A12-B676-DA038D20ACCB}.Release|x64.Build.0 = Release|x64
		{DC00C405-5BBD-4A12-B676-DA038D20ACCB}.Release|x86.ActiveCfg = Release|x86
		{DC00C405-5BBD-4A12-B676-DA038D20ACCB}.Release|x86.Build.0 = Release|x86
		{7D7CCD94-546D-4098-8069-E01B7014563A}.Debug|ARM.ActiveCfg = Debug|ARM
		{7D7CCD94-546D-4098-8069-E01B7014563A}.Debug|ARM.Build.0 = Debug|ARM
		{7D7CCD94-546D-4098-8069-E01B7014563A}.Debug|x64.ActiveCfg = Debug|x64
		{7D7CCD94-546D-4098-8069-E01B7014563A}.Debug|x64.Build.0 = Debug|x64
		{7D7CCD94-546D-4098-8069-E01B7014563A}.Debug|x86.ActiveCfg = Debug|x86
		{7D7CCD94-546D-4098-8069-E01B7014563A}.Debug|x86.Build.0 = Debug|x86
		{7D7CCD94-546D-4098-8069-E01B7014563A}.Master|ARM.ActiveCfg = Master|ARM
		{7D7CCD94-546D-4098-8069-E01B7014563A}.Master|ARM.Build.0 = Master|ARM
		{7D7CCD94-546D-4098-8069-E01B7014563A}.Master|x64.ActiveCfg = Master|x64
		{7D7CCD94-546D-4098-8069-E01B7014563A}.Master|x64.Build.0 = Master|x64
		{7D7CCD94-546D-4098-8069-E01B7014563A}.Master|x86.ActiveCfg = Master|x86
		{7D7CCD94-546D-4098-8069-E01B7014563A}.Master|x86.Build.0 = Master|x86
		{7D7CCD94-546D-4098-8069-E01B7014563A}.Release|ARM.ActiveCfg = Release|ARM
		{7D7CCD94-546D-4098-8069-E01B7014563A}.Release|ARM.Build.0 = Release|ARM
		{7D7CCD94-546D-4098-8069-E01B7014563A}.Release|x64.ActiveCfg = Release|x64
		{7D7CCD94-546D-4098-8069-E01B7014563A}.Release|x64.Build.0 = Release|x64
		{7D7CCD94-546D-4098-8069-E01B7014563A}.Release|x86.ActiveCfg = Release|x86
		{7D7CCD94-546D-4098-8069-E01B7014563A}.Release|x86.Build.0 = Release|x86
	EndGlobalSection
	GlobalSection(SolutionProperties) = preSolution
		HideSolutionNode = FALSE
	EndGlobalSection
	GlobalSection(ExtensibilityGlobals) = postSolution
		SolutionGuid = {BEB48EF1-2990-4EEB-B4F1-3D63612E63C2}
	EndGlobalSection
EndGlobal
